
Microsoft Visual Studio Solution File, Format Version 12.00
# Visual Studio 15
VisualStudioVersion = 15.0.28010.2050
MinimumVisualStudioVersion = 10.0.40219.1
Project("{FAE04EC0-301F-11D3-BF4B-00C04F79EFBC}") = "FpWorkshop", "FpWorkshop\FpWorkshop.csproj", "{B8CE4078-0B25-479D-AB55-16A994201C5F}"
EndProject
Project("{F2A71F9B-5D33-465A-A702-920D77279786}") = "FSharpPortion", "FSharpPortion\FSharpPortion.fsproj", "{0219DED6-49BA-4917-920D-349BEC2DC982}"
EndProject
Global
	GlobalSection(SolutionConfigurationPlatforms) = preSolution
		Debug|Any CPU = Debug|Any CPU
		Release|Any CPU = Release|Any CPU
	EndGlobalSection
	GlobalSection(ProjectConfigurationPlatforms) = postSolution
		{B8CE4078-0B25-479D-AB55-16A994201C5F}.Debug|Any CPU.ActiveCfg = Debug|Any CPU
		{B8CE4078-0B25-479D-AB55-16A994201C5F}.Debug|Any CPU.Build.0 = Debug|Any CPU
		{B8CE4078-0B25-479D-AB55-16A994201C5F}.Release|Any CPU.ActiveCfg = Release|Any CPU
		{B8CE4078-0B25-479D-AB55-16A994201C5F}.Release|Any CPU.Build.0 = Release|Any CPU
		{0219DED6-49BA-4917-920D-349BEC2DC982}.Debug|Any CPU.ActiveCfg = Debug|Any CPU
		{0219DED6-49BA-4917-920D-349BEC2DC982}.Debug|Any CPU.Build.0 = Debug|Any CPU
		{0219DED6-49BA-4917-920D-349BEC2DC982}.Release|Any CPU.ActiveCfg = Release|Any CPU
		{0219DED6-49BA-4917-920D-349BEC2DC982}.Release|Any CPU.Build.0 = Release|Any CPU
	EndGlobalSection
	GlobalSection(SolutionProperties) = preSolution
		HideSolutionNode = FALSE
	EndGlobalSection
	GlobalSection(ExtensibilityGlobals) = postSolution
		SolutionGuid = {D194001C-C457-46BB-9AC5-1357F3072703}
	EndGlobalSection
EndGlobal
